// !$*UTF8*$!
{
	archiveVersion = 1;
	classes = {
	};
	objectVersion = 56;
	objects = {

/* Begin PBXBuildFile section */
		162DDADD2AA2ACCC00B56B1D /* Project2App.swift in Sources */ = {isa = PBXBuildFile; fileRef = 162DDADC2AA2ACCC00B56B1D /* Project2App.swift */; };
		162DDADF2AA2ACCC00B56B1D /* ContentView.swift in Sources */ = {isa = PBXBuildFile; fileRef = 162DDADE2AA2ACCC00B56B1D /* ContentView.swift */; };
		162DDAE12AA2ACCC00B56B1D /* Assets.xcassets in Resources */ = {isa = PBXBuildFile; fileRef = 162DDAE02AA2ACCC00B56B1D /* Assets.xcassets */; };
		162DDAE42AA2ACCC00B56B1D /* Preview Assets.xcassets in Resources */ = {isa = PBXBuildFile; fileRef = 162DDAE32AA2ACCC00B56B1D /* Preview Assets.xcassets */; };
		162DDAEE2AA2ACCC00B56B1D /* Project2Tests.swift in Sources */ = {isa = PBXBuildFile; fileRef = 162DDAED2AA2ACCC00B56B1D /* Project2Tests.swift */; };
		162DDAF82AA2ACCC00B56B1D /* Project2UITests.swift in Sources */ = {isa = PBXBuildFile; fileRef = 162DDAF72AA2ACCC00B56B1D /* Project2UITests.swift */; };
		162DDAFA2AA2ACCC00B56B1D /* Project2UITestsLaunchTests.swift in Sources */ = {isa = PBXBuildFile; fileRef = 162DDAF92AA2ACCC00B56B1D /* Project2UITestsLaunchTests.swift */; };
		162DDB082AA2AD4800B56B1D /* VALORANTService.swift in Sources */ = {isa = PBXBuildFile; fileRef = 162DDB072AA2AD4800B56B1D /* VALORANTService.swift */; };
		162DDB0B2AA2B27400B56B1D /* Alamofire in Frameworks */ = {isa = PBXBuildFile; productRef = 162DDB0A2AA2B27400B56B1D /* Alamofire */; };
		162DDB0E2AA2B94900B56B1D /* Constants.swift in Sources */ = {isa = PBXBuildFile; fileRef = 162DDB0D2AA2B94900B56B1D /* Constants.swift */; };
		162DDB112AA38ADA00B56B1D /* VTAgentData.swift in Sources */ = {isa = PBXBuildFile; fileRef = 162DDB102AA38ADA00B56B1D /* VTAgentData.swift */; };
		162DDB132AA5053300B56B1D /* VTMapData.swift in Sources */ = {isa = PBXBuildFile; fileRef = 162DDB122AA5053300B56B1D /* VTMapData.swift */; };
		162DDB152AA5063B00B56B1D /* VTWeaponData.swift in Sources */ = {isa = PBXBuildFile; fileRef = 162DDB142AA5063B00B56B1D /* VTWeaponData.swift */; };
		162DDB182AA50A2C00B56B1D /* AgentsListView.swift in Sources */ = {isa = PBXBuildFile; fileRef = 162DDB172AA50A2C00B56B1D /* AgentsListView.swift */; };
		162DDB1A2AA5126D00B56B1D /* AgentRowView.swift in Sources */ = {isa = PBXBuildFile; fileRef = 162DDB192AA5126D00B56B1D /* AgentRowView.swift */; };
		162DDB1D2AA5184600B56B1D /* VTAgentsViewModel.swift in Sources */ = {isa = PBXBuildFile; fileRef = 162DDB1C2AA5184600B56B1D /* VTAgentsViewModel.swift */; };
		162DDB1F2AA54E6800B56B1D /* VTWeaponsViewModel.swift in Sources */ = {isa = PBXBuildFile; fileRef = 162DDB1E2AA54E6800B56B1D /* VTWeaponsViewModel.swift */; };
		162DDB212AA54EA100B56B1D /* VTMapsViewModel.swift in Sources */ = {isa = PBXBuildFile; fileRef = 162DDB202AA54EA100B56B1D /* VTMapsViewModel.swift */; };
		162DDB262AA54EFB00B56B1D /* MapsListView.swift in Sources */ = {isa = PBXBuildFile; fileRef = 162DDB252AA54EFB00B56B1D /* MapsListView.swift */; };
		162DDB282AA54F9600B56B1D /* MapsRowView.swift in Sources */ = {isa = PBXBuildFile; fileRef = 162DDB272AA54F9600B56B1D /* MapsRowView.swift */; };
		162DDB2A2AA54FC700B56B1D /* WeaponsListView.swift in Sources */ = {isa = PBXBuildFile; fileRef = 162DDB292AA54FC700B56B1D /* WeaponsListView.swift */; };
/* End PBXBuildFile section */

/* Begin PBXContainerItemProxy section */
		162DDAEA2AA2ACCC00B56B1D /* PBXContainerItemProxy */ = {
			isa = PBXContainerItemProxy;
			containerPortal = 162DDAD12AA2ACCC00B56B1D /* Project object */;
			proxyType = 1;
			remoteGlobalIDString = 162DDAD82AA2ACCC00B56B1D;
			remoteInfo = Project2;
		};
		162DDAF42AA2ACCC00B56B1D /* PBXContainerItemProxy */ = {
			isa = PBXContainerItemProxy;
			containerPortal = 162DDAD12AA2ACCC00B56B1D /* Project object */;
			proxyType = 1;
			remoteGlobalIDString = 162DDAD82AA2ACCC00B56B1D;
			remoteInfo = Project2;
		};
/* End PBXContainerItemProxy section */

/* Begin PBXFileReference section */
		162DDAD92AA2ACCC00B56B1D /* Project2.app */ = {isa = PBXFileReference; explicitFileType = wrapper.application; includeInIndex = 0; path = Project2.app; sourceTree = BUILT_PRODUCTS_DIR; };
		162DDADC2AA2ACCC00B56B1D /* Project2App.swift */ = {isa = PBXFileReference; lastKnownFileType = sourcecode.swift; path = Project2App.swift; sourceTree = "<group>"; };
		162DDADE2AA2ACCC00B56B1D /* ContentView.swift */ = {isa = PBXFileReference; lastKnownFileType = sourcecode.swift; path = ContentView.swift; sourceTree = "<group>"; };
		162DDAE02AA2ACCC00B56B1D /* Assets.xcassets */ = {isa = PBXFileReference; lastKnownFileType = folder.assetcatalog; path = Assets.xcassets; sourceTree = "<group>"; };
		162DDAE32AA2ACCC00B56B1D /* Preview Assets.xcassets */ = {isa = PBXFileReference; lastKnownFileType = folder.assetcatalog; path = "Preview Assets.xcassets"; sourceTree = "<group>"; };
		162DDAE92AA2ACCC00B56B1D /* Project2Tests.xctest */ = {isa = PBXFileReference; explicitFileType = wrapper.cfbundle; includeInIndex = 0; path = Project2Tests.xctest; sourceTree = BUILT_PRODUCTS_DIR; };
		162DDAED2AA2ACCC00B56B1D /* Project2Tests.swift */ = {isa = PBXFileReference; lastKnownFileType = sourcecode.swift; path = Project2Tests.swift; sourceTree = "<group>"; };
		162DDAF32AA2ACCC00B56B1D /* Project2UITests.xctest */ = {isa = PBXFileReference; explicitFileType = wrapper.cfbundle; includeInIndex = 0; path = Project2UITests.xctest; sourceTree = BUILT_PRODUCTS_DIR; };
		162DDAF72AA2ACCC00B56B1D /* Project2UITests.swift */ = {isa = PBXFileReference; lastKnownFileType = sourcecode.swift; path = Project2UITests.swift; sourceTree = "<group>"; };
		162DDAF92AA2ACCC00B56B1D /* Project2UITestsLaunchTests.swift */ = {isa = PBXFileReference; lastKnownFileType = sourcecode.swift; path = Project2UITestsLaunchTests.swift; sourceTree = "<group>"; };
		162DDB072AA2AD4800B56B1D /* VALORANTService.swift */ = {isa = PBXFileReference; lastKnownFileType = sourcecode.swift; path = VALORANTService.swift; sourceTree = "<group>"; };
		162DDB0D2AA2B94900B56B1D /* Constants.swift */ = {isa = PBXFileReference; lastKnownFileType = sourcecode.swift; path = Constants.swift; sourceTree = "<group>"; };
		162DDB102AA38ADA00B56B1D /* VTAgentData.swift */ = {isa = PBXFileReference; lastKnownFileType = sourcecode.swift; path = VTAgentData.swift; sourceTree = "<group>"; };
		162DDB122AA5053300B56B1D /* VTMapData.swift */ = {isa = PBXFileReference; lastKnownFileType = sourcecode.swift; path = VTMapData.swift; sourceTree = "<group>"; };
		162DDB142AA5063B00B56B1D /* VTWeaponData.swift */ = {isa = PBXFileReference; lastKnownFileType = sourcecode.swift; path = VTWeaponData.swift; sourceTree = "<group>"; };
		162DDB172AA50A2C00B56B1D /* AgentsListView.swift */ = {isa = PBXFileReference; lastKnownFileType = sourcecode.swift; path = AgentsListView.swift; sourceTree = "<group>"; };
		162DDB192AA5126D00B56B1D /* AgentRowView.swift */ = {isa = PBXFileReference; lastKnownFileType = sourcecode.swift; path = AgentRowView.swift; sourceTree = "<group>"; };
		162DDB1C2AA5184600B56B1D /* VTAgentsViewModel.swift */ = {isa = PBXFileReference; lastKnownFileType = sourcecode.swift; path = VTAgentsViewModel.swift; sourceTree = "<group>"; };
		162DDB1E2AA54E6800B56B1D /* VTWeaponsViewModel.swift */ = {isa = PBXFileReference; lastKnownFileType = sourcecode.swift; path = VTWeaponsViewModel.swift; sourceTree = "<group>"; };
		162DDB202AA54EA100B56B1D /* VTMapsViewModel.swift */ = {isa = PBXFileReference; lastKnownFileType = sourcecode.swift; path = VTMapsViewModel.swift; sourceTree = "<group>"; };
		162DDB252AA54EFB00B56B1D /* MapsListView.swift */ = {isa = PBXFileReference; lastKnownFileType = sourcecode.swift; path = MapsListView.swift; sourceTree = "<group>"; };
		162DDB272AA54F9600B56B1D /* MapsRowView.swift */ = {isa = PBXFileReference; lastKnownFileType = sourcecode.swift; path = MapsRowView.swift; sourceTree = "<group>"; };
		162DDB292AA54FC700B56B1D /* WeaponsListView.swift */ = {isa = PBXFileReference; lastKnownFileType = sourcecode.swift; path = WeaponsListView.swift; sourceTree = "<group>"; };
/* End PBXFileReference section */

/* Begin PBXFrameworksBuildPhase section */
		162DDAD62AA2ACCC00B56B1D /* Frameworks */ = {
			isa = PBXFrameworksBuildPhase;
			buildActionMask = 2147483647;
			files = (
				162DDB0B2AA2B27400B56B1D /* Alamofire in Frameworks */,
			);
			runOnlyForDeploymentPostprocessing = 0;
		};
		162DDAE62AA2ACCC00B56B1D /* Frameworks */ = {
			isa = PBXFrameworksBuildPhase;
			buildActionMask = 2147483647;
			files = (
			);
			runOnlyForDeploymentPostprocessing = 0;
		};
		162DDAF02AA2ACCC00B56B1D /* Frameworks */ = {
			isa = PBXFrameworksBuildPhase;
			buildActionMask = 2147483647;
			files = (
			);
			runOnlyForDeploymentPostprocessing = 0;
		};
/* End PBXFrameworksBuildPhase section */

/* Begin PBXGroup section */
		162DDAD02AA2ACCC00B56B1D = {
			isa = PBXGroup;
			children = (
				162DDADB2AA2ACCC00B56B1D /* Project2 */,
				162DDAEC2AA2ACCC00B56B1D /* Project2Tests */,
				162DDAF62AA2ACCC00B56B1D /* Project2UITests */,
				162DDADA2AA2ACCC00B56B1D /* Products */,
			);
			sourceTree = "<group>";
		};
		162DDADA2AA2ACCC00B56B1D /* Products */ = {
			isa = PBXGroup;
			children = (
				162DDAD92AA2ACCC00B56B1D /* Project2.app */,
				162DDAE92AA2ACCC00B56B1D /* Project2Tests.xctest */,
				162DDAF32AA2ACCC00B56B1D /* Project2UITests.xctest */,
			);
			name = Products;
			sourceTree = "<group>";
		};
		162DDADB2AA2ACCC00B56B1D /* Project2 */ = {
			isa = PBXGroup;
			children = (
				162DDB1B2AA5182A00B56B1D /* ViewModel */,
				162DDB162AA50A2000B56B1D /* View */,
				162DDB0F2AA38AC800B56B1D /* Model */,
				162DDB0C2AA2B94000B56B1D /* Util */,
				162DDB062AA2AD3E00B56B1D /* Service */,
				162DDADC2AA2ACCC00B56B1D /* Project2App.swift */,
				162DDAE02AA2ACCC00B56B1D /* Assets.xcassets */,
				162DDAE22AA2ACCC00B56B1D /* Preview Content */,
			);
			path = Project2;
			sourceTree = "<group>";
		};
		162DDAE22AA2ACCC00B56B1D /* Preview Content */ = {
			isa = PBXGroup;
			children = (
				162DDAE32AA2ACCC00B56B1D /* Preview Assets.xcassets */,
			);
			path = "Preview Content";
			sourceTree = "<group>";
		};
		162DDAEC2AA2ACCC00B56B1D /* Project2Tests */ = {
			isa = PBXGroup;
			children = (
				162DDAED2AA2ACCC00B56B1D /* Project2Tests.swift */,
			);
			path = Project2Tests;
			sourceTree = "<group>";
		};
		162DDAF62AA2ACCC00B56B1D /* Project2UITests */ = {
			isa = PBXGroup;
			children = (
				162DDAF72AA2ACCC00B56B1D /* Project2UITests.swift */,
				162DDAF92AA2ACCC00B56B1D /* Project2UITestsLaunchTests.swift */,
			);
			path = Project2UITests;
			sourceTree = "<group>";
		};
		162DDB062AA2AD3E00B56B1D /* Service */ = {
			isa = PBXGroup;
			children = (
				162DDB072AA2AD4800B56B1D /* VALORANTService.swift */,
			);
			path = Service;
			sourceTree = "<group>";
		};
		162DDB0C2AA2B94000B56B1D /* Util */ = {
			isa = PBXGroup;
			children = (
				162DDB0D2AA2B94900B56B1D /* Constants.swift */,
			);
			path = Util;
			sourceTree = "<group>";
		};
		162DDB0F2AA38AC800B56B1D /* Model */ = {
			isa = PBXGroup;
			children = (
				162DDB142AA5063B00B56B1D /* VTWeaponData.swift */,
				162DDB102AA38ADA00B56B1D /* VTAgentData.swift */,
				162DDB122AA5053300B56B1D /* VTMapData.swift */,
			);
			path = Model;
			sourceTree = "<group>";
		};
		162DDB162AA50A2000B56B1D /* View */ = {
			isa = PBXGroup;
			children = (
				162DDADE2AA2ACCC00B56B1D /* ContentView.swift */,
				162DDB242AA54EE000B56B1D /* Maps */,
				162DDB232AA54EDC00B56B1D /* Weapons */,
				162DDB222AA54ED300B56B1D /* Agents */,
			);
			path = View;
			sourceTree = "<group>";
		};
		162DDB1B2AA5182A00B56B1D /* ViewModel */ = {
			isa = PBXGroup;
			children = (
				162DDB1C2AA5184600B56B1D /* VTAgentsViewModel.swift */,
				162DDB1E2AA54E6800B56B1D /* VTWeaponsViewModel.swift */,
				162DDB202AA54EA100B56B1D /* VTMapsViewModel.swift */,
			);
			path = ViewModel;
			sourceTree = "<group>";
		};
		162DDB222AA54ED300B56B1D /* Agents */ = {
			isa = PBXGroup;
			children = (
				162DDB172AA50A2C00B56B1D /* AgentsListView.swift */,
				162DDB192AA5126D00B56B1D /* AgentRowView.swift */,
			);
			path = Agents;
			sourceTree = "<group>";
		};
		162DDB232AA54EDC00B56B1D /* Weapons */ = {
			isa = PBXGroup;
			children = (
				162DDB292AA54FC700B56B1D /* WeaponsListView.swift */,
			);
			path = Weapons;
			sourceTree = "<group>";
		};
		162DDB242AA54EE000B56B1D /* Maps */ = {
			isa = PBXGroup;
			children = (
				162DDB252AA54EFB00B56B1D /* MapsListView.swift */,
				162DDB272AA54F9600B56B1D /* MapsRowView.swift */,
			);
			path = Maps;
			sourceTree = "<group>";
		};
/* End PBXGroup section */

/* Begin PBXNativeTarget section */
		162DDAD82AA2ACCC00B56B1D /* Project2 */ = {
			isa = PBXNativeTarget;
			buildConfigurationList = 162DDAFD2AA2ACCC00B56B1D /* Build configuration list for PBXNativeTarget "Project2" */;
			buildPhases = (
				162DDAD52AA2ACCC00B56B1D /* Sources */,
				162DDAD62AA2ACCC00B56B1D /* Frameworks */,
				162DDAD72AA2ACCC00B56B1D /* Resources */,
			);
			buildRules = (
			);
			dependencies = (
			);
			name = Project2;
			packageProductDependencies = (
				162DDB0A2AA2B27400B56B1D /* Alamofire */,
			);
			productName = Project2;
			productReference = 162DDAD92AA2ACCC00B56B1D /* Project2.app */;
			productType = "com.apple.product-type.application";
		};
		162DDAE82AA2ACCC00B56B1D /* Project2Tests */ = {
			isa = PBXNativeTarget;
			buildConfigurationList = 162DDB002AA2ACCC00B56B1D /* Build configuration list for PBXNativeTarget "Project2Tests" */;
			buildPhases = (
				162DDAE52AA2ACCC00B56B1D /* Sources */,
				162DDAE62AA2ACCC00B56B1D /* Frameworks */,
				162DDAE72AA2ACCC00B56B1D /* Resources */,
			);
			buildRules = (
			);
			dependencies = (
				162DDAEB2AA2ACCC00B56B1D /* PBXTargetDependency */,
			);
			name = Project2Tests;
			productName = Project2Tests;
			productReference = 162DDAE92AA2ACCC00B56B1D /* Project2Tests.xctest */;
			productType = "com.apple.product-type.bundle.unit-test";
		};
		162DDAF22AA2ACCC00B56B1D /* Project2UITests */ = {
			isa = PBXNativeTarget;
			buildConfigurationList = 162DDB032AA2ACCC00B56B1D /* Build configuration list for PBXNativeTarget "Project2UITests" */;
			buildPhases = (
				162DDAEF2AA2ACCC00B56B1D /* Sources */,
				162DDAF02AA2ACCC00B56B1D /* Frameworks */,
				162DDAF12AA2ACCC00B56B1D /* Resources */,
			);
			buildRules = (
			);
			dependencies = (
				162DDAF52AA2ACCC00B56B1D /* PBXTargetDependency */,
			);
			name = Project2UITests;
			productName = Project2UITests;
			productReference = 162DDAF32AA2ACCC00B56B1D /* Project2UITests.xctest */;
			productType = "com.apple.product-type.bundle.ui-testing";
		};
/* End PBXNativeTarget section */

/* Begin PBXProject section */
		162DDAD12AA2ACCC00B56B1D /* Project object */ = {
			isa = PBXProject;
			attributes = {
				BuildIndependentTargetsInParallel = 1;
				LastSwiftUpdateCheck = 1430;
				LastUpgradeCheck = 1430;
				TargetAttributes = {
					162DDAD82AA2ACCC00B56B1D = {
						CreatedOnToolsVersion = 14.3.1;
					};
					162DDAE82AA2ACCC00B56B1D = {
						CreatedOnToolsVersion = 14.3.1;
						TestTargetID = 162DDAD82AA2ACCC00B56B1D;
					};
					162DDAF22AA2ACCC00B56B1D = {
						CreatedOnToolsVersion = 14.3.1;
						TestTargetID = 162DDAD82AA2ACCC00B56B1D;
					};
				};
			};
			buildConfigurationList = 162DDAD42AA2ACCC00B56B1D /* Build configuration list for PBXProject "Project2" */;
			compatibilityVersion = "Xcode 14.0";
			developmentRegion = en;
			hasScannedForEncodings = 0;
			knownRegions = (
				en,
				Base,
			);
			mainGroup = 162DDAD02AA2ACCC00B56B1D;
			packageReferences = (
				162DDB092AA2B27400B56B1D /* XCRemoteSwiftPackageReference "Alamofire" */,
			);
			productRefGroup = 162DDADA2AA2ACCC00B56B1D /* Products */;
			projectDirPath = "";
			projectRoot = "";
			targets = (
				162DDAD82AA2ACCC00B56B1D /* Project2 */,
				162DDAE82AA2ACCC00B56B1D /* Project2Tests */,
				162DDAF22AA2ACCC00B56B1D /* Project2UITests */,
			);
		};
/* End PBXProject section */

/* Begin PBXResourcesBuildPhase section */
		162DDAD72AA2ACCC00B56B1D /* Resources */ = {
			isa = PBXResourcesBuildPhase;
			buildActionMask = 2147483647;
			files = (
				162DDAE42AA2ACCC00B56B1D /* Preview Assets.xcassets in Resources */,
				162DDAE12AA2ACCC00B56B1D /* Assets.xcassets in Resources */,
			);
			runOnlyForDeploymentPostprocessing = 0;
		};
		162DDAE72AA2ACCC00B56B1D /* Resources */ = {
			isa = PBXResourcesBuildPhase;
			buildActionMask = 2147483647;
			files = (
			);
			runOnlyForDeploymentPostprocessing = 0;
		};
		162DDAF12AA2ACCC00B56B1D /* Resources */ = {
			isa = PBXResourcesBuildPhase;
			buildActionMask = 2147483647;
			files = (
			);
			runOnlyForDeploymentPostprocessing = 0;
		};
/* End PBXResourcesBuildPhase section */

/* Begin PBXSourcesBuildPhase section */
		162DDAD52AA2ACCC00B56B1D /* Sources */ = {
			isa = PBXSourcesBuildPhase;
			buildActionMask = 2147483647;
			files = (
				162DDB1D2AA5184600B56B1D /* VTAgentsViewModel.swift in Sources */,
				162DDB132AA5053300B56B1D /* VTMapData.swift in Sources */,
				162DDB282AA54F9600B56B1D /* MapsRowView.swift in Sources */,
				162DDB2A2AA54FC700B56B1D /* WeaponsListView.swift in Sources */,
				162DDB082AA2AD4800B56B1D /* VALORANTService.swift in Sources */,
				162DDADF2AA2ACCC00B56B1D /* ContentView.swift in Sources */,
				162DDB1F2AA54E6800B56B1D /* VTWeaponsViewModel.swift in Sources */,
				162DDB112AA38ADA00B56B1D /* VTAgentData.swift in Sources */,
				162DDB182AA50A2C00B56B1D /* AgentsListView.swift in Sources */,
				162DDB1A2AA5126D00B56B1D /* AgentRowView.swift in Sources */,
				162DDADD2AA2ACCC00B56B1D /* Project2App.swift in Sources */,
				162DDB152AA5063B00B56B1D /* VTWeaponData.swift in Sources */,
				162DDB0E2AA2B94900B56B1D /* Constants.swift in Sources */,
				162DDB262AA54EFB00B56B1D /* MapsListView.swift in Sources */,
				162DDB212AA54EA100B56B1D /* VTMapsViewModel.swift in Sources */,
			);
			runOnlyForDeploymentPostprocessing = 0;
		};
		162DDAE52AA2ACCC00B56B1D /* Sources */ = {
			isa = PBXSourcesBuildPhase;
			buildActionMask = 2147483647;
			files = (
				162DDAEE2AA2ACCC00B56B1D /* Project2Tests.swift in Sources */,
			);
			runOnlyForDeploymentPostprocessing = 0;
		};
		162DDAEF2AA2ACCC00B56B1D /* Sources */ = {
			isa = PBXSourcesBuildPhase;
			buildActionMask = 2147483647;
			files = (
				162DDAFA2AA2ACCC00B56B1D /* Project2UITestsLaunchTests.swift in Sources */,
				162DDAF82AA2ACCC00B56B1D /* Project2UITests.swift in Sources */,
			);
			runOnlyForDeploymentPostprocessing = 0;
		};
/* End PBXSourcesBuildPhase section */

/* Begin PBXTargetDependency section */
		162DDAEB2AA2ACCC00B56B1D /* PBXTargetDependency */ = {
			isa = PBXTargetDependency;
			target = 162DDAD82AA2ACCC00B56B1D /* Project2 */;
			targetProxy = 162DDAEA2AA2ACCC00B56B1D /* PBXContainerItemProxy */;
		};
		162DDAF52AA2ACCC00B56B1D /* PBXTargetDependency */ = {
			isa = PBXTargetDependency;
			target = 162DDAD82AA2ACCC00B56B1D /* Project2 */;
			targetProxy = 162DDAF42AA2ACCC00B56B1D /* PBXContainerItemProxy */;
		};
/* End PBXTargetDependency section */

/* Begin XCBuildConfiguration section */
		162DDAFB2AA2ACCC00B56B1D /* Debug */ = {
			isa = XCBuildConfiguration;
			buildSettings = {
				ALWAYS_SEARCH_USER_PATHS = NO;
				CLANG_ANALYZER_NONNULL = YES;
				CLANG_ANALYZER_NUMBER_OBJECT_CONVERSION = YES_AGGRESSIVE;
				CLANG_CXX_LANGUAGE_STANDARD = "gnu++20";
				CLANG_ENABLE_MODULES = YES;
				CLANG_ENABLE_OBJC_ARC = YES;
				CLANG_ENABLE_OBJC_WEAK = YES;
				CLANG_WARN_BLOCK_CAPTURE_AUTORELEASING = YES;
				CLANG_WARN_BOOL_CONVERSION = YES;
				CLANG_WARN_COMMA = YES;
				CLANG_WARN_CONSTANT_CONVERSION = YES;
				CLANG_WARN_DEPRECATED_OBJC_IMPLEMENTATIONS = YES;
				CLANG_WARN_DIRECT_OBJC_ISA_USAGE = YES_ERROR;
				CLANG_WARN_DOCUMENTATION_COMMENTS = YES;
				CLANG_WARN_EMPTY_BODY = YES;
				CLANG_WARN_ENUM_CONVERSION = YES;
				CLANG_WARN_INFINITE_RECURSION = YES;
				CLANG_WARN_INT_CONVERSION = YES;
				CLANG_WARN_NON_LITERAL_NULL_CONVERSION = YES;
				CLANG_WARN_OBJC_IMPLICIT_RETAIN_SELF = YES;
				CLANG_WARN_OBJC_LITERAL_CONVERSION = YES;
				CLANG_WARN_OBJC_ROOT_CLASS = YES_ERROR;
				CLANG_WARN_QUOTED_INCLUDE_IN_FRAMEWORK_HEADER = YES;
				CLANG_WARN_RANGE_LOOP_ANALYSIS = YES;
				CLANG_WARN_STRICT_PROTOTYPES = YES;
				CLANG_WARN_SUSPICIOUS_MOVE = YES;
				CLANG_WARN_UNGUARDED_AVAILABILITY = YES_AGGRESSIVE;
				CLANG_WARN_UNREACHABLE_CODE = YES;
				CLANG_WARN__DUPLICATE_METHOD_MATCH = YES;
				COPY_PHASE_STRIP = NO;
				DEBUG_INFORMATION_FORMAT = dwarf;
				ENABLE_STRICT_OBJC_MSGSEND = YES;
				ENABLE_TESTABILITY = YES;
				GCC_C_LANGUAGE_STANDARD = gnu11;
				GCC_DYNAMIC_NO_PIC = NO;
				GCC_NO_COMMON_BLOCKS = YES;
				GCC_OPTIMIZATION_LEVEL = 0;
				GCC_PREPROCESSOR_DEFINITIONS = (
					"DEBUG=1",
					"$(inherited)",
				);
				GCC_WARN_64_TO_32_BIT_CONVERSION = YES;
				GCC_WARN_ABOUT_RETURN_TYPE = YES_ERROR;
				GCC_WARN_UNDECLARED_SELECTOR = YES;
				GCC_WARN_UNINITIALIZED_AUTOS = YES_AGGRESSIVE;
				GCC_WARN_UNUSED_FUNCTION = YES;
				GCC_WARN_UNUSED_VARIABLE = YES;
				IPHONEOS_DEPLOYMENT_TARGET = 16.4;
				MTL_ENABLE_DEBUG_INFO = INCLUDE_SOURCE;
				MTL_FAST_MATH = YES;
				ONLY_ACTIVE_ARCH = YES;
				SDKROOT = iphoneos;
				SWIFT_ACTIVE_COMPILATION_CONDITIONS = DEBUG;
				SWIFT_OPTIMIZATION_LEVEL = "-Onone";
			};
			name = Debug;
		};
		162DDAFC2AA2ACCC00B56B1D /* Release */ = {
			isa = XCBuildConfiguration;
			buildSettings = {
				ALWAYS_SEARCH_USER_PATHS = NO;
				CLANG_ANALYZER_NONNULL = YES;
				CLANG_ANALYZER_NUMBER_OBJECT_CONVERSION = YES_AGGRESSIVE;
				CLANG_CXX_LANGUAGE_STANDARD = "gnu++20";
				CLANG_ENABLE_MODULES = YES;
				CLANG_ENABLE_OBJC_ARC = YES;
				CLANG_ENABLE_OBJC_WEAK = YES;
				CLANG_WARN_BLOCK_CAPTURE_AUTORELEASING = YES;
				CLANG_WARN_BOOL_CONVERSION = YES;
				CLANG_WARN_COMMA = YES;
				CLANG_WARN_CONSTANT_CONVERSION = YES;
				CLANG_WARN_DEPRECATED_OBJC_IMPLEMENTATIONS = YES;
				CLANG_WARN_DIRECT_OBJC_ISA_USAGE = YES_ERROR;
				CLANG_WARN_DOCUMENTATION_COMMENTS = YES;
				CLANG_WARN_EMPTY_BODY = YES;
				CLANG_WARN_ENUM_CONVERSION = YES;
				CLANG_WARN_INFINITE_RECURSION = YES;
				CLANG_WARN_INT_CONVERSION = YES;
				CLANG_WARN_NON_LITERAL_NULL_CONVERSION = YES;
				CLANG_WARN_OBJC_IMPLICIT_RETAIN_SELF = YES;
				CLANG_WARN_OBJC_LITERAL_CONVERSION = YES;
				CLANG_WARN_OBJC_ROOT_CLASS = YES_ERROR;
				CLANG_WARN_QUOTED_INCLUDE_IN_FRAMEWORK_HEADER = YES;
				CLANG_WARN_RANGE_LOOP_ANALYSIS = YES;
				CLANG_WARN_STRICT_PROTOTYPES = YES;
				CLANG_WARN_SUSPICIOUS_MOVE = YES;
				CLANG_WARN_UNGUARDED_AVAILABILITY = YES_AGGRESSIVE;
				CLANG_WARN_UNREACHABLE_CODE = YES;
				CLANG_WARN__DUPLICATE_METHOD_MATCH = YES;
				COPY_PHASE_STRIP = NO;
				DEBUG_INFORMATION_FORMAT = "dwarf-with-dsym";
				ENABLE_NS_ASSERTIONS = NO;
				ENABLE_STRICT_OBJC_MSGSEND = YES;
				GCC_C_LANGUAGE_STANDARD = gnu11;
				GCC_NO_COMMON_BLOCKS = YES;
				GCC_WARN_64_TO_32_BIT_CONVERSION = YES;
				GCC_WARN_ABOUT_RETURN_TYPE = YES_ERROR;
				GCC_WARN_UNDECLARED_SELECTOR = YES;
				GCC_WARN_UNINITIALIZED_AUTOS = YES_AGGRESSIVE;
				GCC_WARN_UNUSED_FUNCTION = YES;
				GCC_WARN_UNUSED_VARIABLE = YES;
				IPHONEOS_DEPLOYMENT_TARGET = 16.4;
				MTL_ENABLE_DEBUG_INFO = NO;
				MTL_FAST_MATH = YES;
				SDKROOT = iphoneos;
				SWIFT_COMPILATION_MODE = wholemodule;
				SWIFT_OPTIMIZATION_LEVEL = "-O";
				VALIDATE_PRODUCT = YES;
			};
			name = Release;
		};
		162DDAFE2AA2ACCC00B56B1D /* Debug */ = {
			isa = XCBuildConfiguration;
			buildSettings = {
				ASSETCATALOG_COMPILER_APPICON_NAME = AppIcon;
				ASSETCATALOG_COMPILER_GLOBAL_ACCENT_COLOR_NAME = AccentColor;
				CODE_SIGN_STYLE = Automatic;
				CURRENT_PROJECT_VERSION = 1;
				DEVELOPMENT_ASSET_PATHS = "\"Project2/Preview Content\"";
				DEVELOPMENT_TEAM = HY3LPP8363;
				ENABLE_PREVIEWS = YES;
				GENERATE_INFOPLIST_FILE = YES;
				INFOPLIST_KEY_UIApplicationSceneManifest_Generation = YES;
				INFOPLIST_KEY_UIApplicationSupportsIndirectInputEvents = YES;
				INFOPLIST_KEY_UILaunchScreen_Generation = YES;
				INFOPLIST_KEY_UISupportedInterfaceOrientations_iPad = "UIInterfaceOrientationPortrait UIInterfaceOrientationPortraitUpsideDown UIInterfaceOrientationLandscapeLeft UIInterfaceOrientationLandscapeRight";
				INFOPLIST_KEY_UISupportedInterfaceOrientations_iPhone = "UIInterfaceOrientationPortrait UIInterfaceOrientationLandscapeLeft UIInterfaceOrientationLandscapeRight";
				LD_RUNPATH_SEARCH_PATHS = (
					"$(inherited)",
					"@executable_path/Frameworks",
				);
				MARKETING_VERSION = 1.0;
				PRODUCT_BUNDLE_IDENTIFIER = daveyg.Project2;
				PRODUCT_NAME = "$(TARGET_NAME)";
				SWIFT_EMIT_LOC_STRINGS = YES;
				SWIFT_VERSION = 5.0;
				TARGETED_DEVICE_FAMILY = "1,2";
			};
			name = Debug;
		};
		162DDAFF2AA2ACCC00B56B1D /* Release */ = {
			isa = XCBuildConfiguration;
			buildSettings = {
				ASSETCATALOG_COMPILER_APPICON_NAME = AppIcon;
				ASSETCATALOG_COMPILER_GLOBAL_ACCENT_COLOR_NAME = AccentColor;
				CODE_SIGN_STYLE = Automatic;
				CURRENT_PROJECT_VERSION = 1;
				DEVELOPMENT_ASSET_PATHS = "\"Project2/Preview Content\"";
				DEVELOPMENT_TEAM = HY3LPP8363;
				ENABLE_PREVIEWS = YES;
				GENERATE_INFOPLIST_FILE = YES;
				INFOPLIST_KEY_UIApplicationSceneManifest_Generation = YES;
				INFOPLIST_KEY_UIApplicationSupportsIndirectInputEvents = YES;
				INFOPLIST_KEY_UILaunchScreen_Generation = YES;
				INFOPLIST_KEY_UISupportedInterfaceOrientations_iPad = "UIInterfaceOrientationPortrait UIInterfaceOrientationPortraitUpsideDown UIInterfaceOrientationLandscapeLeft UIInterfaceOrientationLandscapeRight";
				INFOPLIST_KEY_UISupportedInterfaceOrientations_iPhone = "UIInterfaceOrientationPortrait UIInterfaceOrientationLandscapeLeft UIInterfaceOrientationLandscapeRight";
				LD_RUNPATH_SEARCH_PATHS = (
					"$(inherited)",
					"@executable_path/Frameworks",
				);
				MARKETING_VERSION = 1.0;
				PRODUCT_BUNDLE_IDENTIFIER = daveyg.Project2;
				PRODUCT_NAME = "$(TARGET_NAME)";
				SWIFT_EMIT_LOC_STRINGS = YES;
				SWIFT_VERSION = 5.0;
				TARGETED_DEVICE_FAMILY = "1,2";
			};
			name = Release;
		};
		162DDB012AA2ACCC00B56B1D /* Debug */ = {
			isa = XCBuildConfiguration;
			buildSettings = {
				ALWAYS_EMBED_SWIFT_STANDARD_LIBRARIES = YES;
				BUNDLE_LOADER = "$(TEST_HOST)";
				CODE_SIGN_STYLE = Automatic;
				CURRENT_PROJECT_VERSION = 1;
				DEVELOPMENT_TEAM = HY3LPP8363;
				GENERATE_INFOPLIST_FILE = YES;
				IPHONEOS_DEPLOYMENT_TARGET = 16.4;
				MARKETING_VERSION = 1.0;
				PRODUCT_BUNDLE_IDENTIFIER = daveyg.Project2Tests;
				PRODUCT_NAME = "$(TARGET_NAME)";
				SWIFT_EMIT_LOC_STRINGS = NO;
				SWIFT_VERSION = 5.0;
				TARGETED_DEVICE_FAMILY = "1,2";
				TEST_HOST = "$(BUILT_PRODUCTS_DIR)/Project2.app/$(BUNDLE_EXECUTABLE_FOLDER_PATH)/Project2";
			};
			name = Debug;
		};
		162DDB022AA2ACCC00B56B1D /* Release */ = {
			isa = XCBuildConfiguration;
			buildSettings = {
				ALWAYS_EMBED_SWIFT_STANDARD_LIBRARIES = YES;
				BUNDLE_LOADER = "$(TEST_HOST)";
				CODE_SIGN_STYLE = Automatic;
				CURRENT_PROJECT_VERSION = 1;
				DEVELOPMENT_TEAM = HY3LPP8363;
				GENERATE_INFOPLIST_FILE = YES;
				IPHONEOS_DEPLOYMENT_TARGET = 16.4;
				MARKETING_VERSION = 1.0;
				PRODUCT_BUNDLE_IDENTIFIER = daveyg.Project2Tests;
				PRODUCT_NAME = "$(TARGET_NAME)";
				SWIFT_EMIT_LOC_STRINGS = NO;
				SWIFT_VERSION = 5.0;
				TARGETED_DEVICE_FAMILY = "1,2";
				TEST_HOST = "$(BUILT_PRODUCTS_DIR)/Project2.app/$(BUNDLE_EXECUTABLE_FOLDER_PATH)/Project2";
			};
			name = Release;
		};
		162DDB042AA2ACCC00B56B1D /* Debug */ = {
			isa = XCBuildConfiguration;
			buildSettings = {
				ALWAYS_EMBED_SWIFT_STANDARD_LIBRARIES = YES;
				CODE_SIGN_STYLE = Automatic;
				CURRENT_PROJECT_VERSION = 1;
				DEVELOPMENT_TEAM = HY3LPP8363;
				GENERATE_INFOPLIST_FILE = YES;
				MARKETING_VERSION = 1.0;
				PRODUCT_BUNDLE_IDENTIFIER = daveyg.Project2UITests;
				PRODUCT_NAME = "$(TARGET_NAME)";
				SWIFT_EMIT_LOC_STRINGS = NO;
				SWIFT_VERSION = 5.0;
				TARGETED_DEVICE_FAMILY = "1,2";
				TEST_TARGET_NAME = Project2;
			};
			name = Debug;
		};
		162DDB052AA2ACCC00B56B1D /* Release */ = {
			isa = XCBuildConfiguration;
			buildSettings = {
				ALWAYS_EMBED_SWIFT_STANDARD_LIBRARIES = YES;
				CODE_SIGN_STYLE = Automatic;
				CURRENT_PROJECT_VERSION = 1;
				DEVELOPMENT_TEAM = HY3LPP8363;
				GENERATE_INFOPLIST_FILE = YES;
				MARKETING_VERSION = 1.0;
				PRODUCT_BUNDLE_IDENTIFIER = daveyg.Project2UITests;
				PRODUCT_NAME = "$(TARGET_NAME)";
				SWIFT_EMIT_LOC_STRINGS = NO;
				SWIFT_VERSION = 5.0;
				TARGETED_DEVICE_FAMILY = "1,2";
				TEST_TARGET_NAME = Project2;
			};
			name = Release;
		};
/* End XCBuildConfiguration section */

/* Begin XCConfigurationList section */
		162DDAD42AA2ACCC00B56B1D /* Build configuration list for PBXProject "Project2" */ = {
			isa = XCConfigurationList;
			buildConfigurations = (
				162DDAFB2AA2ACCC00B56B1D /* Debug */,
				162DDAFC2AA2ACCC00B56B1D /* Release */,
			);
			defaultConfigurationIsVisible = 0;
			defaultConfigurationName = Release;
		};
		162DDAFD2AA2ACCC00B56B1D /* Build configuration list for PBXNativeTarget "Project2" */ = {
			isa = XCConfigurationList;
			buildConfigurations = (
				162DDAFE2AA2ACCC00B56B1D /* Debug */,
				162DDAFF2AA2ACCC00B56B1D /* Release */,
			);
			defaultConfigurationIsVisible = 0;
			defaultConfigurationName = Release;
		};
		162DDB002AA2ACCC00B56B1D /* Build configuration list for PBXNativeTarget "Project2Tests" */ = {
			isa = XCConfigurationList;
			buildConfigurations = (
				162DDB012AA2ACCC00B56B1D /* Debug */,
				162DDB022AA2ACCC00B56B1D /* Release */,
			);
			defaultConfigurationIsVisible = 0;
			defaultConfigurationName = Release;
		};
		162DDB032AA2ACCC00B56B1D /* Build configuration list for PBXNativeTarget "Project2UITests" */ = {
			isa = XCConfigurationList;
			buildConfigurations = (
				162DDB042AA2ACCC00B56B1D /* Debug */,
				162DDB052AA2ACCC00B56B1D /* Release */,
			);
			defaultConfigurationIsVisible = 0;
			defaultConfigurationName = Release;
		};
/* End XCConfigurationList section */

/* Begin XCRemoteSwiftPackageReference section */
		162DDB092AA2B27400B56B1D /* XCRemoteSwiftPackageReference "Alamofire" */ = {
			isa = XCRemoteSwiftPackageReference;
			repositoryURL = "https://github.com/Alamofire/Alamofire.git";
			requirement = {
				kind = upToNextMajorVersion;
				minimumVersion = 5.0.0;
			};
		};
/* End XCRemoteSwiftPackageReference section */

/* Begin XCSwiftPackageProductDependency section */
		162DDB0A2AA2B27400B56B1D /* Alamofire */ = {
			isa = XCSwiftPackageProductDependency;
			package = 162DDB092AA2B27400B56B1D /* XCRemoteSwiftPackageReference "Alamofire" */;
			productName = Alamofire;
		};
/* End XCSwiftPackageProductDependency section */
	};
	rootObject = 162DDAD12AA2ACCC00B56B1D /* Project object */;
}
